
Microsoft Visual Studio Solution File, Format Version 12.00
# Visual Studio Version 17
VisualStudioVersion = 17.11.35208.52
MinimumVisualStudioVersion = 10.0.40219.1
Project("{FAE04EC0-301F-11D3-BF4B-00C04F79EFBC}") = "UI", "EjercicioRepasoPOO\UI.csproj", "{0EF38EAE-DA94-475E-A5B1-DBB7BD12BCB9}"
EndProject
Project("{FAE04EC0-301F-11D3-BF4B-00C04F79EFBC}") = "DAL", "DAL\DAL.csproj", "{6C921B2E-270A-47A3-B0D7-9566F8F01275}"
EndProject
Project("{FAE04EC0-301F-11D3-BF4B-00C04F79EFBC}") = "BLL", "BLL\BLL.csproj", "{955FC49B-833D-458E-82C2-A709C80F384B}"
EndProject
Global
	GlobalSection(SolutionConfigurationPlatforms) = preSolution
		Debug|Any CPU = Debug|Any CPU
		Release|Any CPU = Release|Any CPU
	EndGlobalSection
	GlobalSection(ProjectConfigurationPlatforms) = postSolution
		{0EF38EAE-DA94-475E-A5B1-DBB7BD12BCB9}.Debug|Any CPU.ActiveCfg = Debug|Any CPU
		{0EF38EAE-DA94-475E-A5B1-DBB7BD12BCB9}.Debug|Any CPU.Build.0 = Debug|Any CPU
		{0EF38EAE-DA94-475E-A5B1-DBB7BD12BCB9}.Release|Any CPU.ActiveCfg = Release|Any CPU
		{0EF38EAE-DA94-475E-A5B1-DBB7BD12BCB9}.Release|Any CPU.Build.0 = Release|Any CPU
		{6C921B2E-270A-47A3-B0D7-9566F8F01275}.Debug|Any CPU.ActiveCfg = Debug|Any CPU
		{6C921B2E-270A-47A3-B0D7-9566F8F01275}.Debug|Any CPU.Build.0 = Debug|Any CPU
		{6C921B2E-270A-47A3-B0D7-9566F8F01275}.Release|Any CPU.ActiveCfg = Release|Any CPU
		{6C921B2E-270A-47A3-B0D7-9566F8F01275}.Release|Any CPU.Build.0 = Release|Any CPU
		{955FC49B-833D-458E-82C2-A709C80F384B}.Debug|Any CPU.ActiveCfg = Debug|Any CPU
		{955FC49B-833D-458E-82C2-A709C80F384B}.Debug|Any CPU.Build.0 = Debug|Any CPU
		{955FC49B-833D-458E-82C2-A709C80F384B}.Release|Any CPU.ActiveCfg = Release|Any CPU
		{955FC49B-833D-458E-82C2-A709C80F384B}.Release|Any CPU.Build.0 = Release|Any CPU
	EndGlobalSection
	GlobalSection(SolutionProperties) = preSolution
		HideSolutionNode = FALSE
	EndGlobalSection
	GlobalSection(ExtensibilityGlobals) = postSolution
		SolutionGuid = {2C6A2DF6-4781-48BC-92AD-A599878D7866}
	EndGlobalSection
EndGlobal
